# This file is autogenerated, do not edit; changes may be undone by the next 'dep ensure'.


[[projects]]
  name = "git.apache.org/thrift.git"
  packages = ["lib/go/thrift"]
  revision = "0dd823580c78a79ae9696eb9b3650e400fff140f"

[[projects]]
  name = "github.com/Microsoft/go-winio"
  packages = ["."]
  revision = "7da180ee92d8bd8bb8c37fc560e673e6557c392f"
  version = "v0.4.7"

[[projects]]
  branch = "master"
  name = "github.com/alexflint/go-restructure"
  packages = [
    ".",
    "regex"
  ]
  revision = "a509d071de2811703b877e94d7c91e27fb8c5086"

[[projects]]
  branch = "master"
  name = "github.com/bcicen/go-haproxy"
  packages = [
    ".",
    "kvcodec"
  ]
  revision = "ff5824fe38bede761b873cab6e247a530e89236a"

[[projects]]
  branch = "master"
  name = "github.com/gocarina/gocsv"
  packages = ["."]
  revision = "133f96a03fdec5dbf18306e073d10ef649df59e5"

[[projects]]
  name = "github.com/jessevdk/go-flags"
  packages = ["."]
  revision = "96dc06278ce32a0e9d957d590bb987c81ee66407"
  version = "v1.3.0"

[[projects]]
  branch = "master"
  name = "github.com/kolide/osquery-go"
  packages = [
    ".",
    "gen/osquery",
    "plugin/table",
    "transport"
  ]
  revision = "834175eae0d8cf864bba0b82ab4e9694cf5cfd1b"

[[projects]]
  name = "github.com/pkg/errors"
  packages = ["."]
  revision = "645ef00459ed84a119197bfb8d8205042c6df63d"
  version = "v0.8.0"

[[projects]]
  name = "github.com/sirupsen/logrus"
  packages = ["."]
  revision = "c155da19408a8799da419ed3eeb0cb5db0ad5dbc"
  version = "v1.0.5"

[[projects]]
  branch = "master"
  name = "golang.org/x/crypto"
  packages = ["ssh/terminal"]
  revision = "b4956d363a8b14623cc81db401707679605930a3"

[[projects]]
  branch = "master"
  name = "golang.org/x/sys"
  packages = [
    "unix",
    "windows"
  ]
  revision = "89ac7f292d17a339edab4de8efcba5d8672ff661"

[solve-meta]
  analyzer-name = "dep"
  analyzer-version = 1
  inputs-digest = "508801e23f7b1d7ce3a446b45ba86e2e9f36b444cfb4ddddf132760a782e0724"
  solver-name = "gps-cdcl"
  solver-version = 1
